
Microsoft Visual Studio Solution File, Format Version 12.00
# Visual Studio Version 17
VisualStudioVersion = 17.10.35013.160
MinimumVisualStudioVersion = 10.0.40219.1
Project("{9A19103F-16F7-4668-BE54-9A1E7A4F7556}") = "Patient Portal", "Patient Portal.csproj", "{3FA7DEDC-DA8C-46F4-9A38-351D0DEFF066}"
EndProject
Global
	GlobalSection(SolutionConfigurationPlatforms) = preSolution
		Debug|Any CPU = Debug|Any CPU
		Release|Any CPU = Release|Any CPU
	EndGlobalSection
	GlobalSection(ProjectConfigurationPlatforms) = postSolution
		{3FA7DEDC-DA8C-46F4-9A38-351D0DEFF066}.Debug|Any CPU.ActiveCfg = Debug|Any CPU
		{3FA7DEDC-DA8C-46F4-9A38-351D0DEFF066}.Debug|Any CPU.Build.0 = Debug|Any CPU
		{3FA7DEDC-DA8C-46F4-9A38-351D0DEFF066}.Release|Any CPU.ActiveCfg = Release|Any CPU
		{3FA7DEDC-DA8C-46F4-9A38-351D0DEFF066}.Release|Any CPU.Build.0 = Release|Any CPU
	EndGlobalSection
	GlobalSection(SolutionProperties) = preSolution
		HideSolutionNode = FALSE
	EndGlobalSection
	GlobalSection(ExtensibilityGlobals) = postSolution
		SolutionGuid = {BE96B036-9538-474D-BEBE-B242AF563609}
	EndGlobalSection
EndGlobal
